
Microsoft Visual Studio Solution File, Format Version 12.00
# Visual Studio Version 16
VisualStudioVersion = 16.0.29609.76
MinimumVisualStudioVersion = 10.0.40219.1
Project("{9A19103F-16F7-4668-BE54-9A1E7A4F7556}") = "WebApiSample", "WebApiSample\WebApiSample.csproj", "{CD723CE0-E087-4F89-86CB-AA1500AF171C}"
EndProject
Project("{FAE04EC0-301F-11D3-BF4B-00C04F79EFBC}") = "WebApiSample.UnitTest", "WebApiSample.UnitTest\WebApiSample.UnitTest.csproj", "{EB8ACA52-BA52-4E7C-826F-CCBD2CC33E4A}"
EndProject
Global
	GlobalSection(SolutionConfigurationPlatforms) = preSolution
		Debug|Any CPU = Debug|Any CPU
		Release|Any CPU = Release|Any CPU
	EndGlobalSection
	GlobalSection(ProjectConfigurationPlatforms) = postSolution
		{CD723CE0-E087-4F89-86CB-AA1500AF171C}.Debug|Any CPU.ActiveCfg = Debug|Any CPU
		{CD723CE0-E087-4F89-86CB-AA1500AF171C}.Debug|Any CPU.Build.0 = Debug|Any CPU
		{CD723CE0-E087-4F89-86CB-AA1500AF171C}.Release|Any CPU.ActiveCfg = Release|Any CPU
		{CD723CE0-E087-4F89-86CB-AA1500AF171C}.Release|Any CPU.Build.0 = Release|Any CPU
		{EB8ACA52-BA52-4E7C-826F-CCBD2CC33E4A}.Debug|Any CPU.ActiveCfg = Debug|Any CPU
		{EB8ACA52-BA52-4E7C-826F-CCBD2CC33E4A}.Debug|Any CPU.Build.0 = Debug|Any CPU
		{EB8ACA52-BA52-4E7C-826F-CCBD2CC33E4A}.Release|Any CPU.ActiveCfg = Release|Any CPU
		{EB8ACA52-BA52-4E7C-826F-CCBD2CC33E4A}.Release|Any CPU.Build.0 = Release|Any CPU
	EndGlobalSection
	GlobalSection(SolutionProperties) = preSolution
		HideSolutionNode = FALSE
	EndGlobalSection
	GlobalSection(ExtensibilityGlobals) = postSolution
		SolutionGuid = {F6209F41-032F-4846-99DF-EE932B829C8F}
	EndGlobalSection
EndGlobal
